// !$*UTF8*$!
{
	archiveVersion = 1;
	classes = {
	};
	objectVersion = 50;
	objects = {

/* Begin PBXBuildFile section */
		183224A022A63C530017F05A /* AppDelegate.m in Sources */ = {isa = PBXBuildFile; fileRef = 1832249F22A63C530017F05A /* AppDelegate.m */; };
		183224A322A63C530017F05A /* ViewController.m in Sources */ = {isa = PBXBuildFile; fileRef = 183224A222A63C530017F05A /* ViewController.m */; };
		183224A622A63C530017F05A /* Main.storyboard in Resources */ = {isa = PBXBuildFile; fileRef = 183224A422A63C530017F05A /* Main.storyboard */; };
		183224A822A63C550017F05A /* Assets.xcassets in Resources */ = {isa = PBXBuildFile; fileRef = 183224A722A63C550017F05A /* Assets.xcassets */; };
		183224AB22A63C550017F05A /* LaunchScreen.storyboard in Resources */ = {isa = PBXBuildFile; fileRef = 183224A922A63C550017F05A /* LaunchScreen.storyboard */; };
		183224AE22A63C550017F05A /* main.m in Sources */ = {isa = PBXBuildFile; fileRef = 183224AD22A63C550017F05A /* main.m */; };
		183224B822A63C560017F05A /* NSOperationTests.m in Sources */ = {isa = PBXBuildFile; fileRef = 183224B722A63C560017F05A /* NSOperationTests.m */; };
		183224C322A63C560017F05A /* NSOperationUITests.m in Sources */ = {isa = PBXBuildFile; fileRef = 183224C222A63C560017F05A /* NSOperationUITests.m */; };
		183224D222A645840017F05A /* CustomOperation.m in Sources */ = {isa = PBXBuildFile; fileRef = 183224D122A645840017F05A /* CustomOperation.m */; };
/* End PBXBuildFile section */

/* Begin PBXContainerItemProxy section */
		183224B422A63C560017F05A /* PBXContainerItemProxy */ = {
			isa = PBXContainerItemProxy;
			containerPortal = 1832249322A63C530017F05A /* Project object */;
			proxyType = 1;
			remoteGlobalIDString = 1832249A22A63C530017F05A;
			remoteInfo = NSOperation;
		};
		183224BF22A63C560017F05A /* PBXContainerItemProxy */ = {
			isa = PBXContainerItemProxy;
			containerPortal = 1832249322A63C530017F05A /* Project object */;
			proxyType = 1;
			remoteGlobalIDString = 1832249A22A63C530017F05A;
			remoteInfo = NSOperation;
		};
/* End PBXContainerItemProxy section */

/* Begin PBXFileReference section */
		1832249B22A63C530017F05A /* NSOperation.app */ = {isa = PBXFileReference; explicitFileType = wrapper.application; includeInIndex = 0; path = NSOperation.app; sourceTree = BUILT_PRODUCTS_DIR; };
		1832249E22A63C530017F05A /* AppDelegate.h */ = {isa = PBXFileReference; lastKnownFileType = sourcecode.c.h; path = AppDelegate.h; sourceTree = "<group>"; };
		1832249F22A63C530017F05A /* AppDelegate.m */ = {isa = PBXFileReference; lastKnownFileType = sourcecode.c.objc; path = AppDelegate.m; sourceTree = "<group>"; };
		183224A122A63C530017F05A /* ViewController.h */ = {isa = PBXFileReference; lastKnownFileType = sourcecode.c.h; path = ViewController.h; sourceTree = "<group>"; };
		183224A222A63C530017F05A /* ViewController.m */ = {isa = PBXFileReference; lastKnownFileType = sourcecode.c.objc; path = ViewController.m; sourceTree = "<group>"; };
		183224A522A63C530017F05A /* Base */ = {isa = PBXFileReference; lastKnownFileType = file.storyboard; name = Base; path = Base.lproj/Main.storyboard; sourceTree = "<group>"; };
		183224A722A63C550017F05A /* Assets.xcassets */ = {isa = PBXFileReference; lastKnownFileType = folder.assetcatalog; path = Assets.xcassets; sourceTree = "<group>"; };
		183224AA22A63C550017F05A /* Base */ = {isa = PBXFileReference; lastKnownFileType = file.storyboard; name = Base; path = Base.lproj/LaunchScreen.storyboard; sourceTree = "<group>"; };
		183224AC22A63C550017F05A /* Info.plist */ = {isa = PBXFileReference; lastKnownFileType = text.plist.xml; path = Info.plist; sourceTree = "<group>"; };
		183224AD22A63C550017F05A /* main.m */ = {isa = PBXFileReference; lastKnownFileType = sourcecode.c.objc; path = main.m; sourceTree = "<group>"; };
		183224B322A63C560017F05A /* NSOperationTests.xctest */ = {isa = PBXFileReference; explicitFileType = wrapper.cfbundle; includeInIndex = 0; path = NSOperationTests.xctest; sourceTree = BUILT_PRODUCTS_DIR; };
		183224B722A63C560017F05A /* NSOperationTests.m */ = {isa = PBXFileReference; lastKnownFileType = sourcecode.c.objc; path = NSOperationTests.m; sourceTree = "<group>"; };
		183224B922A63C560017F05A /* Info.plist */ = {isa = PBXFileReference; lastKnownFileType = text.plist.xml; path = Info.plist; sourceTree = "<group>"; };
		183224BE22A63C560017F05A /* NSOperationUITests.xctest */ = {isa = PBXFileReference; explicitFileType = wrapper.cfbundle; includeInIndex = 0; path = NSOperationUITests.xctest; sourceTree = BUILT_PRODUCTS_DIR; };
		183224C222A63C560017F05A /* NSOperationUITests.m */ = {isa = PBXFileReference; lastKnownFileType = sourcecode.c.objc; path = NSOperationUITests.m; sourceTree = "<group>"; };
		183224C422A63C560017F05A /* Info.plist */ = {isa = PBXFileReference; lastKnownFileType = text.plist.xml; path = Info.plist; sourceTree = "<group>"; };
		183224D022A645840017F05A /* CustomOperation.h */ = {isa = PBXFileReference; lastKnownFileType = sourcecode.c.h; path = CustomOperation.h; sourceTree = "<group>"; };
		183224D122A645840017F05A /* CustomOperation.m */ = {isa = PBXFileReference; lastKnownFileType = sourcecode.c.objc; path = CustomOperation.m; sourceTree = "<group>"; };
/* End PBXFileReference section */

/* Begin PBXFrameworksBuildPhase section */
		1832249822A63C530017F05A /* Frameworks */ = {
			isa = PBXFrameworksBuildPhase;
			buildActionMask = 2147483647;
			files = (
			);
			runOnlyForDeploymentPostprocessing = 0;
		};
		183224B022A63C560017F05A /* Frameworks */ = {
			isa = PBXFrameworksBuildPhase;
			buildActionMask = 2147483647;
			files = (
			);
			runOnlyForDeploymentPostprocessing = 0;
		};
		183224BB22A63C560017F05A /* Frameworks */ = {
			isa = PBXFrameworksBuildPhase;
			buildActionMask = 2147483647;
			files = (
			);
			runOnlyForDeploymentPostprocessing = 0;
		};
/* End PBXFrameworksBuildPhase section */

/* Begin PBXGroup section */
		1832249222A63C530017F05A = {
			isa = PBXGroup;
			children = (
				1832249D22A63C530017F05A /* NSOperation */,
				183224B622A63C560017F05A /* NSOperationTests */,
				183224C122A63C560017F05A /* NSOperationUITests */,
				1832249C22A63C530017F05A /* Products */,
			);
			sourceTree = "<group>";
		};
		1832249C22A63C530017F05A /* Products */ = {
			isa = PBXGroup;
			children = (
				1832249B22A63C530017F05A /* NSOperation.app */,
				183224B322A63C560017F05A /* NSOperationTests.xctest */,
				183224BE22A63C560017F05A /* NSOperationUITests.xctest */,
			);
			name = Products;
			sourceTree = "<group>";
		};
		1832249D22A63C530017F05A /* NSOperation */ = {
			isa = PBXGroup;
			children = (
				1832249E22A63C530017F05A /* AppDelegate.h */,
				1832249F22A63C530017F05A /* AppDelegate.m */,
				183224A122A63C530017F05A /* ViewController.h */,
				183224A222A63C530017F05A /* ViewController.m */,
				183224A422A63C530017F05A /* Main.storyboard */,
				183224A722A63C550017F05A /* Assets.xcassets */,
				183224A922A63C550017F05A /* LaunchScreen.storyboard */,
				183224AC22A63C550017F05A /* Info.plist */,
				183224AD22A63C550017F05A /* main.m */,
				183224D022A645840017F05A /* CustomOperation.h */,
				183224D122A645840017F05A /* CustomOperation.m */,
			);
			path = NSOperation;
			sourceTree = "<group>";
		};
		183224B622A63C560017F05A /* NSOperationTests */ = {
			isa = PBXGroup;
			children = (
				183224B722A63C560017F05A /* NSOperationTests.m */,
				183224B922A63C560017F05A /* Info.plist */,
			);
			path = NSOperationTests;
			sourceTree = "<group>";
		};
		183224C122A63C560017F05A /* NSOperationUITests */ = {
			isa = PBXGroup;
			children = (
				183224C222A63C560017F05A /* NSOperationUITests.m */,
				183224C422A63C560017F05A /* Info.plist */,
			);
			path = NSOperationUITests;
			sourceTree = "<group>";
		};
/* End PBXGroup section */

/* Begin PBXNativeTarget section */
		1832249A22A63C530017F05A /* NSOperation */ = {
			isa = PBXNativeTarget;
			buildConfigurationList = 183224C722A63C560017F05A /* Build configuration list for PBXNativeTarget "NSOperation" */;
			buildPhases = (
				1832249722A63C530017F05A /* Sources */,
				1832249822A63C530017F05A /* Frameworks */,
				1832249922A63C530017F05A /* Resources */,
			);
			buildRules = (
			);
			dependencies = (
			);
			name = NSOperation;
			productName = NSOperation;
			productReference = 1832249B22A63C530017F05A /* NSOperation.app */;
			productType = "com.apple.product-type.application";
		};
		183224B222A63C560017F05A /* NSOperationTests */ = {
			isa = PBXNativeTarget;
			buildConfigurationList = 183224CA22A63C560017F05A /* Build configuration list for PBXNativeTarget "NSOperationTests" */;
			buildPhases = (
				183224AF22A63C560017F05A /* Sources */,
				183224B022A63C560017F05A /* Frameworks */,
				183224B122A63C560017F05A /* Resources */,
			);
			buildRules = (
			);
			dependencies = (
				183224B522A63C560017F05A /* PBXTargetDependency */,
			);
			name = NSOperationTests;
			productName = NSOperationTests;
			productReference = 183224B322A63C560017F05A /* NSOperationTests.xctest */;
			productType = "com.apple.product-type.bundle.unit-test";
		};
		183224BD22A63C560017F05A /* NSOperationUITests */ = {
			isa = PBXNativeTarget;
			buildConfigurationList = 183224CD22A63C560017F05A /* Build configuration list for PBXNativeTarget "NSOperationUITests" */;
			buildPhases = (
				183224BA22A63C560017F05A /* Sources */,
				183224BB22A63C560017F05A /* Frameworks */,
				183224BC22A63C560017F05A /* Resources */,
			);
			buildRules = (
			);
			dependencies = (
				183224C022A63C560017F05A /* PBXTargetDependency */,
			);
			name = NSOperationUITests;
			productName = NSOperationUITests;
			productReference = 183224BE22A63C560017F05A /* NSOperationUITests.xctest */;
			productType = "com.apple.product-type.bundle.ui-testing";
		};
/* End PBXNativeTarget section */

/* Begin PBXProject section */
		1832249322A63C530017F05A /* Project object */ = {
			isa = PBXProject;
			attributes = {
				LastUpgradeCheck = 1020;
				ORGANIZATIONNAME = apple;
				TargetAttributes = {
					1832249A22A63C530017F05A = {
						CreatedOnToolsVersion = 10.2.1;
					};
					183224B222A63C560017F05A = {
						CreatedOnToolsVersion = 10.2.1;
						TestTargetID = 1832249A22A63C530017F05A;
					};
					183224BD22A63C560017F05A = {
						CreatedOnToolsVersion = 10.2.1;
						TestTargetID = 1832249A22A63C530017F05A;
					};
				};
			};
			buildConfigurationList = 1832249622A63C530017F05A /* Build configuration list for PBXProject "NSOperation" */;
			compatibilityVersion = "Xcode 9.3";
			developmentRegion = en;
			hasScannedForEncodings = 0;
			knownRegions = (
				en,
				Base,
			);
			mainGroup = 1832249222A63C530017F05A;
			productRefGroup = 1832249C22A63C530017F05A /* Products */;
			projectDirPath = "";
			projectRoot = "";
			targets = (
				1832249A22A63C530017F05A /* NSOperation */,
				183224B222A63C560017F05A /* NSOperationTests */,
				183224BD22A63C560017F05A /* NSOperationUITests */,
			);
		};
/* End PBXProject section */

/* Begin PBXResourcesBuildPhase section */
		1832249922A63C530017F05A /* Resources */ = {
			isa = PBXResourcesBuildPhase;
			buildActionMask = 2147483647;
			files = (
				183224AB22A63C550017F05A /* LaunchScreen.storyboard in Resources */,
				183224A822A63C550017F05A /* Assets.xcassets in Resources */,
				183224A622A63C530017F05A /* Main.storyboard in Resources */,
			);
			runOnlyForDeploymentPostprocessing = 0;
		};
		183224B122A63C560017F05A /* Resources */ = {
			isa = PBXResourcesBuildPhase;
			buildActionMask = 2147483647;
			files = (
			);
			runOnlyForDeploymentPostprocessing = 0;
		};
		183224BC22A63C560017F05A /* Resources */ = {
			isa = PBXResourcesBuildPhase;
			buildActionMask = 2147483647;
			files = (
			);
			runOnlyForDeploymentPostprocessing = 0;
		};
/* End PBXResourcesBuildPhase section */

/* Begin PBXSourcesBuildPhase section */
		1832249722A63C530017F05A /* Sources */ = {
			isa = PBXSourcesBuildPhase;
			buildActionMask = 2147483647;
			files = (
				183224D222A645840017F05A /* CustomOperation.m in Sources */,
				183224A322A63C530017F05A /* ViewController.m in Sources */,
				183224AE22A63C550017F05A /* main.m in Sources */,
				183224A022A63C530017F05A /* AppDelegate.m in Sources */,
			);
			runOnlyForDeploymentPostprocessing = 0;
		};
		183224AF22A63C560017F05A /* Sources */ = {
			isa = PBXSourcesBuildPhase;
			buildActionMask = 2147483647;
			files = (
				183224B822A63C560017F05A /* NSOperationTests.m in Sources */,
			);
			runOnlyForDeploymentPostprocessing = 0;
		};
		183224BA22A63C560017F05A /* Sources */ = {
			isa = PBXSourcesBuildPhase;
			buildActionMask = 2147483647;
			files = (
				183224C322A63C560017F05A /* NSOperationUITests.m in Sources */,
			);
			runOnlyForDeploymentPostprocessing = 0;
		};
/* End PBXSourcesBuildPhase section */

/* Begin PBXTargetDependency section */
		183224B522A63C560017F05A /* PBXTargetDependency */ = {
			isa = PBXTargetDependency;
			target = 1832249A22A63C530017F05A /* NSOperation */;
			targetProxy = 183224B422A63C560017F05A /* PBXContainerItemProxy */;
		};
		183224C022A63C560017F05A /* PBXTargetDependency */ = {
			isa = PBXTargetDependency;
			target = 1832249A22A63C530017F05A /* NSOperation */;
			targetProxy = 183224BF22A63C560017F05A /* PBXContainerItemProxy */;
		};
/* End PBXTargetDependency section */

/* Begin PBXVariantGroup section */
		183224A422A63C530017F05A /* Main.storyboard */ = {
			isa = PBXVariantGroup;
			children = (
				183224A522A63C530017F05A /* Base */,
			);
			name = Main.storyboard;
			sourceTree = "<group>";
		};
		183224A922A63C550017F05A /* LaunchScreen.storyboard */ = {
			isa = PBXVariantGroup;
			children = (
				183224AA22A63C550017F05A /* Base */,
			);
			name = LaunchScreen.storyboard;
			sourceTree = "<group>";
		};
/* End PBXVariantGroup section */

/* Begin XCBuildConfiguration section */
		183224C522A63C560017F05A /* Debug */ = {
			isa = XCBuildConfiguration;
			buildSettings = {
				ALWAYS_SEARCH_USER_PATHS = NO;
				CLANG_ANALYZER_NONNULL = YES;
				CLANG_ANALYZER_NUMBER_OBJECT_CONVERSION = YES_AGGRESSIVE;
				CLANG_CXX_LANGUAGE_STANDARD = "gnu++14";
				CLANG_CXX_LIBRARY = "libc++";
				CLANG_ENABLE_MODULES = YES;
				CLANG_ENABLE_OBJC_ARC = YES;
				CLANG_ENABLE_OBJC_WEAK = YES;
				CLANG_WARN_BLOCK_CAPTURE_AUTORELEASING = YES;
				CLANG_WARN_BOOL_CONVERSION = YES;
				CLANG_WARN_COMMA = YES;
				CLANG_WARN_CONSTANT_CONVERSION = YES;
				CLANG_WARN_DEPRECATED_OBJC_IMPLEMENTATIONS = YES;
				CLANG_WARN_DIRECT_OBJC_ISA_USAGE = YES_ERROR;
				CLANG_WARN_DOCUMENTATION_COMMENTS = YES;
				CLANG_WARN_EMPTY_BODY = YES;
				CLANG_WARN_ENUM_CONVERSION = YES;
				CLANG_WARN_INFINITE_RECURSION = YES;
				CLANG_WARN_INT_CONVERSION = YES;
				CLANG_WARN_NON_LITERAL_NULL_CONVERSION = YES;
				CLANG_WARN_OBJC_IMPLICIT_RETAIN_SELF = YES;
				CLANG_WARN_OBJC_LITERAL_CONVERSION = YES;
				CLANG_WARN_OBJC_ROOT_CLASS = YES_ERROR;
				CLANG_WARN_RANGE_LOOP_ANALYSIS = YES;
				CLANG_WARN_STRICT_PROTOTYPES = YES;
				CLANG_WARN_SUSPICIOUS_MOVE = YES;
				CLANG_WARN_UNGUARDED_AVAILABILITY = YES_AGGRESSIVE;
				CLANG_WARN_UNREACHABLE_CODE = YES;
				CLANG_WARN__DUPLICATE_METHOD_MATCH = YES;
				CODE_SIGN_IDENTITY = "iPhone Developer";
				COPY_PHASE_STRIP = NO;
				DEBUG_INFORMATION_FORMAT = dwarf;
				ENABLE_STRICT_OBJC_MSGSEND = YES;
				ENABLE_TESTABILITY = YES;
				GCC_C_LANGUAGE_STANDARD = gnu11;
				GCC_DYNAMIC_NO_PIC = NO;
				GCC_NO_COMMON_BLOCKS = YES;
				GCC_OPTIMIZATION_LEVEL = 0;
				GCC_PREPROCESSOR_DEFINITIONS = (
					"DEBUG=1",
					"$(inherited)",
				);
				GCC_WARN_64_TO_32_BIT_CONVERSION = YES;
				GCC_WARN_ABOUT_RETURN_TYPE = YES_ERROR;
				GCC_WARN_UNDECLARED_SELECTOR = YES;
				GCC_WARN_UNINITIALIZED_AUTOS = YES_AGGRESSIVE;
				GCC_WARN_UNUSED_FUNCTION = YES;
				GCC_WARN_UNUSED_VARIABLE = YES;
				IPHONEOS_DEPLOYMENT_TARGET = 12.2;
				MTL_ENABLE_DEBUG_INFO = INCLUDE_SOURCE;
				MTL_FAST_MATH = YES;
				ONLY_ACTIVE_ARCH = YES;
				SDKROOT = iphoneos;
			};
			name = Debug;
		};
		183224C622A63C560017F05A /* Release */ = {
			isa = XCBuildConfiguration;
			buildSettings = {
				ALWAYS_SEARCH_USER_PATHS = NO;
				CLANG_ANALYZER_NONNULL = YES;
				CLANG_ANALYZER_NUMBER_OBJECT_CONVERSION = YES_AGGRESSIVE;
				CLANG_CXX_LANGUAGE_STANDARD = "gnu++14";
				CLANG_CXX_LIBRARY = "libc++";
				CLANG_ENABLE_MODULES = YES;
				CLANG_ENABLE_OBJC_ARC = YES;
				CLANG_ENABLE_OBJC_WEAK = YES;
				CLANG_WARN_BLOCK_CAPTURE_AUTORELEASING = YES;
				CLANG_WARN_BOOL_CONVERSION = YES;
				CLANG_WARN_COMMA = YES;
				CLANG_WARN_CONSTANT_CONVERSION = YES;
				CLANG_WARN_DEPRECATED_OBJC_IMPLEMENTATIONS = YES;
				CLANG_WARN_DIRECT_OBJC_ISA_USAGE = YES_ERROR;
				CLANG_WARN_DOCUMENTATION_COMMENTS = YES;
				CLANG_WARN_EMPTY_BODY = YES;
				CLANG_WARN_ENUM_CONVERSION = YES;
				CLANG_WARN_INFINITE_RECURSION = YES;
				CLANG_WARN_INT_CONVERSION = YES;
				CLANG_WARN_NON_LITERAL_NULL_CONVERSION = YES;
				CLANG_WARN_OBJC_IMPLICIT_RETAIN_SELF = YES;
				CLANG_WARN_OBJC_LITERAL_CONVERSION = YES;
				CLANG_WARN_OBJC_ROOT_CLASS = YES_ERROR;
				CLANG_WARN_RANGE_LOOP_ANALYSIS = YES;
				CLANG_WARN_STRICT_PROTOTYPES = YES;
				CLANG_WARN_SUSPICIOUS_MOVE = YES;
				CLANG_WARN_UNGUARDED_AVAILABILITY = YES_AGGRESSIVE;
				CLANG_WARN_UNREACHABLE_CODE = YES;
				CLANG_WARN__DUPLICATE_METHOD_MATCH = YES;
				CODE_SIGN_IDENTITY = "iPhone Developer";
				COPY_PHASE_STRIP = NO;
				DEBUG_INFORMATION_FORMAT = "dwarf-with-dsym";
				ENABLE_NS_ASSERTIONS = NO;
				ENABLE_STRICT_OBJC_MSGSEND = YES;
				GCC_C_LANGUAGE_STANDARD = gnu11;
				GCC_NO_COMMON_BLOCKS = YES;
				GCC_WARN_64_TO_32_BIT_CONVERSION = YES;
				GCC_WARN_ABOUT_RETURN_TYPE = YES_ERROR;
				GCC_WARN_UNDECLARED_SELECTOR = YES;
				GCC_WARN_UNINITIALIZED_AUTOS = YES_AGGRESSIVE;
				GCC_WARN_UNUSED_FUNCTION = YES;
				GCC_WARN_UNUSED_VARIABLE = YES;
				IPHONEOS_DEPLOYMENT_TARGET = 12.2;
				MTL_ENABLE_DEBUG_INFO = NO;
				MTL_FAST_MATH = YES;
				SDKROOT = iphoneos;
				VALIDATE_PRODUCT = YES;
			};
			name = Release;
		};
		183224C822A63C560017F05A /* Debug */ = {
			isa = XCBuildConfiguration;
			buildSettings = {
				ASSETCATALOG_COMPILER_APPICON_NAME = AppIcon;
				CODE_SIGN_STYLE = Automatic;
				DEVELOPMENT_TEAM = GQ4N5E8P6R;
				INFOPLIST_FILE = NSOperation/Info.plist;
				LD_RUNPATH_SEARCH_PATHS = (
					"$(inherited)",
					"@executable_path/Frameworks",
				);
				PRODUCT_BUNDLE_IDENTIFIER = com.king.NSOperation;
				PRODUCT_NAME = "$(TARGET_NAME)";
				TARGETED_DEVICE_FAMILY = "1,2";
			};
			name = Debug;
		};
		183224C922A63C560017F05A /* Release */ = {
			isa = XCBuildConfiguration;
			buildSettings = {
				ASSETCATALOG_COMPILER_APPICON_NAME = AppIcon;
				CODE_SIGN_STYLE = Automatic;
				DEVELOPMENT_TEAM = GQ4N5E8P6R;
				INFOPLIST_FILE = NSOperation/Info.plist;
				LD_RUNPATH_SEARCH_PATHS = (
					"$(inherited)",
					"@executable_path/Frameworks",
				);
				PRODUCT_BUNDLE_IDENTIFIER = com.king.NSOperation;
				PRODUCT_NAME = "$(TARGET_NAME)";
				TARGETED_DEVICE_FAMILY = "1,2";
			};
			name = Release;
		};
		183224CB22A63C560017F05A /* Debug */ = {
			isa = XCBuildConfiguration;
			buildSettings = {
				BUNDLE_LOADER = "$(TEST_HOST)";
				CODE_SIGN_STYLE = Automatic;
				INFOPLIST_FILE = NSOperationTests/Info.plist;
				LD_RUNPATH_SEARCH_PATHS = (
					"$(inherited)",
					"@executable_path/Frameworks",
					"@loader_path/Frameworks",
				);
				PRODUCT_BUNDLE_IDENTIFIER = com.king.NSOperationTests;
				PRODUCT_NAME = "$(TARGET_NAME)";
				TARGETED_DEVICE_FAMILY = "1,2";
				TEST_HOST = "$(BUILT_PRODUCTS_DIR)/NSOperation.app/NSOperation";
			};
			name = Debug;
		};
		183224CC22A63C560017F05A /* Release */ = {
			isa = XCBuildConfiguration;
			buildSettings = {
				BUNDLE_LOADER = "$(TEST_HOST)";
				CODE_SIGN_STYLE = Automatic;
				INFOPLIST_FILE = NSOperationTests/Info.plist;
				LD_RUNPATH_SEARCH_PATHS = (
					"$(inherited)",
					"@executable_path/Frameworks",
					"@loader_path/Frameworks",
				);
				PRODUCT_BUNDLE_IDENTIFIER = com.king.NSOperationTests;
				PRODUCT_NAME = "$(TARGET_NAME)";
				TARGETED_DEVICE_FAMILY = "1,2";
				TEST_HOST = "$(BUILT_PRODUCTS_DIR)/NSOperation.app/NSOperation";
			};
			name = Release;
		};
		183224CE22A63C560017F05A /* Debug */ = {
			isa = XCBuildConfiguration;
			buildSettings = {
				CODE_SIGN_STYLE = Automatic;
				INFOPLIST_FILE = NSOperationUITests/Info.plist;
				LD_RUNPATH_SEARCH_PATHS = (
					"$(inherited)",
					"@executable_path/Frameworks",
					"@loader_path/Frameworks",
				);
				PRODUCT_BUNDLE_IDENTIFIER = com.king.NSOperationUITests;
				PRODUCT_NAME = "$(TARGET_NAME)";
				TARGETED_DEVICE_FAMILY = "1,2";
				TEST_TARGET_NAME = NSOperation;
			};
			name = Debug;
		};
		183224CF22A63C560017F05A /* Release */ = {
			isa = XCBuildConfiguration;
			buildSettings = {
				CODE_SIGN_STYLE = Automatic;
				INFOPLIST_FILE = NSOperationUITests/Info.plist;
				LD_RUNPATH_SEARCH_PATHS = (
					"$(inherited)",
					"@executable_path/Frameworks",
					"@loader_path/Frameworks",
				);
				PRODUCT_BUNDLE_IDENTIFIER = com.king.NSOperationUITests;
				PRODUCT_NAME = "$(TARGET_NAME)";
				TARGETED_DEVICE_FAMILY = "1,2";
				TEST_TARGET_NAME = NSOperation;
			};
			name = Release;
		};
/* End XCBuildConfiguration section */

/* Begin XCConfigurationList section */
		1832249622A63C530017F05A /* Build configuration list for PBXProject "NSOperation" */ = {
			isa = XCConfigurationList;
			buildConfigurations = (
				183224C522A63C560017F05A /* Debug */,
				183224C622A63C560017F05A /* Release */,
			);
			defaultConfigurationIsVisible = 0;
			defaultConfigurationName = Release;
		};
		183224C722A63C560017F05A /* Build configuration list for PBXNativeTarget "NSOperation" */ = {
			isa = XCConfigurationList;
			buildConfigurations = (
				183224C822A63C560017F05A /* Debug */,
				183224C922A63C560017F05A /* Release */,
			);
			defaultConfigurationIsVisible = 0;
			defaultConfigurationName = Release;
		};
		183224CA22A63C560017F05A /* Build configuration list for PBXNativeTarget "NSOperationTests" */ = {
			isa = XCConfigurationList;
			buildConfigurations = (
				183224CB22A63C560017F05A /* Debug */,
				183224CC22A63C560017F05A /* Release */,
			);
			defaultConfigurationIsVisible = 0;
			defaultConfigurationName = Release;
		};
		183224CD22A63C560017F05A /* Build configuration list for PBXNativeTarget "NSOperationUITests" */ = {
			isa = XCConfigurationList;
			buildConfigurations = (
				183224CE22A63C560017F05A /* Debug */,
				183224CF22A63C560017F05A /* Release */,
			);
			defaultConfigurationIsVisible = 0;
			defaultConfigurationName = Release;
		};
/* End XCConfigurationList section */
	};
	rootObject = 1832249322A63C530017F05A /* Project object */;
}
